# generated by rye
# use `rye lock` or `rye sync` to update this lockfile
#
# last locked with the following flags:
#   pre: false
#   features: []
#   all-features: false
#   with-sources: false

-e file:.
alembic==1.13.1
    # via flask-migrate
blinker==1.8.1
    # via flask
click==8.1.7
    # via flask
colorama==0.4.6
    # via click
flask==3.0.3
    # via flask-jwt-extended
    # via flask-migrate
    # via flask-sqlalchemy
    # via sailing-club
flask-jwt-extended==4.6.0
    # via sailing-club
flask-migrate==4.0.7
    # via sailing-club
flask-sqlalchemy==3.1.1
    # via flask-migrate
    # via sailing-club
greenlet==3.0.3
    # via sqlalchemy
itsdangerous==2.2.0
    # via flask
jinja2==3.1.3
    # via flask
mako==1.3.3
    # via alembic
markupsafe==2.1.5
    # via jinja2
    # via mako
    # via werkzeug
pip==24.0
    # via sailing-club
pyjwt==2.8.0
    # via flask-jwt-extended
python-dotenv==1.0.1
    # via sailing-club
setuptools==69.5.1
    # via sailing-club
sqlalchemy==2.0.29
    # via alembic
    # via flask-sqlalchemy
typing-extensions==4.11.0
    # via alembic
    # via sqlalchemy
werkzeug==3.0.2
    # via flask
    # via flask-jwt-extended
